{
    "_readme": [
        "This file locks the dependencies of your project to a known state",
        "Read more about it at https://getcomposer.org/doc/01-basic-usage.md#composer-lock-the-lock-file",
        "This file is @generated automatically"
    ],
    "hash": "aa3fe8907692d06e4c45fd77146fb24e",
    "packages": [
        {
            "name": "delboy1978uk/css",
            "version": "v1.0.0",
            "source": {
                "type": "git",
                "url": "https://github.com/delboy1978uk/css.git",
                "reference": "91b5f43226b51e21689ef2862890e803348f8729"
            },
            "dist": {
                "type": "zip",
                "url": "https://api.github.com/repos/delboy1978uk/css/zipball/91b5f43226b51e21689ef2862890e803348f8729",
                "reference": "91b5f43226b51e21689ef2862890e803348f8729",
                "shasum": ""
            },
            "type": "library",
            "autoload": {
                "psr-4": {
                    "Del\\": "src/"
                }
            },
            "notification-url": "https://packagist.org/downloads/",
            "authors": [
                {
                    "name": "Derek Stephen McLean",
                    "email": "delboy1978uk@gmail.com"
                }
            ],
            "description": "Karate Chop CSS™",
            "time": "2015-03-12 18:21:45"
        },
        {
            "name": "delboy1978uk/icon",
            "version": "v1.0",
            "source": {
                "type": "git",
                "url": "https://github.com/delboy1978uk/icon.git",
                "reference": "9df84ac10de1df192f0dbb40d77b822ccadd3ab0"
            },
            "dist": {
                "type": "zip",
                "url": "https://api.github.com/repos/delboy1978uk/icon/zipball/9df84ac10de1df192f0dbb40d77b822ccadd3ab0",
                "reference": "9df84ac10de1df192f0dbb40d77b822ccadd3ab0",
                "shasum": ""
            },
            "type": "library",
            "autoload": {
                "psr-0": {
                    "Del": "src/"
                }
            },
            "notification-url": "https://packagist.org/downloads/",
            "license": [
                "GPL-2.0"
            ],
            "authors": [
                {
                    "name": "Derek McLean",
                    "email": "delboy1978uk@gmail.com"
                }
            ],
            "description": "PHP Class for generating Font Awesome icons.",
            "time": "2015-02-05 14:40:38"
        }
    ],
    "packages-dev": [],
    "aliases": [],
    "minimum-stability": "stable",
    "stability-flags": [],
    "prefer-stable": false,
    "prefer-lowest": false,
    "platform": [],
    "platform-dev": []
}
